# THIS IS AN AUTOGENERATED FILE. DO NOT EDIT THIS FILE DIRECTLY.
# yarn lockfile v1


"@protobufjs/aspromise@^1.1.1", "@protobufjs/aspromise@^1.1.2":
  version "1.1.2"
  resolved "https://registry.yarnpkg.com/@protobufjs/aspromise/-/aspromise-1.1.2.tgz#9b8b0cc663d669a7d8f6f5d0893a14d348f30fbf"
  integrity sha1-m4sMxmPWaafY9vXQiToU00jzD78=

"@protobufjs/base64@^1.1.2":
  version "1.1.2"
  resolved "https://registry.yarnpkg.com/@protobufjs/base64/-/base64-1.1.2.tgz#4c85730e59b9a1f1f349047dbf24296034bb2735"
  integrity sha512-AZkcAA5vnN/v4PDqKyMR5lx7hZttPDgClv83E//FMNhR2TMcLUhfRUBHCmSl0oi9zMgDDqRUJkSxO3wm85+XLg==

"@protobufjs/codegen@^2.0.4":
  version "2.0.4"
  resolved "https://registry.yarnpkg.com/@protobufjs/codegen/-/codegen-2.0.4.tgz#7ef37f0d010fb028ad1ad59722e506d9262815cb"
  integrity sha512-YyFaikqM5sH0ziFZCN3xDC7zeGaB/d0IUb9CATugHWbd1FRFwWwt4ld4OYMPWu5a3Xe01mGAULCdqhMlPl29Jg==

"@protobufjs/eventemitter@^1.1.0":
  version "1.1.0"
  resolved "https://registry.yarnpkg.com/@protobufjs/eventemitter/-/eventemitter-1.1.0.tgz#355cbc98bafad5978f9ed095f397621f1d066b70"
  integrity sha1-NVy8mLr61ZePntCV85diHx0Ga3A=

"@protobufjs/fetch@^1.1.0":
  version "1.1.0"
  resolved "https://registry.yarnpkg.com/@protobufjs/fetch/-/fetch-1.1.0.tgz#ba99fb598614af65700c1619ff06d454b0d84c45"
  integrity sha1-upn7WYYUr2VwDBYZ/wbUVLDYTEU=
  dependencies:
    "@protobufjs/aspromise" "^1.1.1"
    "@protobufjs/inquire" "^1.1.0"

"@protobufjs/float@^1.0.2":
  version "1.0.2"
  resolved "https://registry.yarnpkg.com/@protobufjs/float/-/float-1.0.2.tgz#5e9e1abdcb73fc0a7cb8b291df78c8cbd97b87d1"
  integrity sha1-Xp4avctz/Ap8uLKR33jIy9l7h9E=

"@protobufjs/inquire@^1.1.0":
  version "1.1.0"
  resolved "https://registry.yarnpkg.com/@protobufjs/inquire/-/inquire-1.1.0.tgz#ff200e3e7cf2429e2dcafc1140828e8cc638f089"
  integrity sha1-/yAOPnzyQp4tyvwRQIKOjMY48Ik=

"@protobufjs/path@^1.1.2":
  version "1.1.2"
  resolved "https://registry.yarnpkg.com/@protobufjs/path/-/path-1.1.2.tgz#6cc2b20c5c9ad6ad0dccfd21ca7673d8d7fbf68d"
  integrity sha1-bMKyDFya1q0NzP0hynZz2Nf79o0=

"@protobufjs/pool@^1.1.0":
  version "1.1.0"
  resolved "https://registry.yarnpkg.com/@protobufjs/pool/-/pool-1.1.0.tgz#09fd15f2d6d3abfa9b65bc366506d6ad7846ff54"
  integrity sha1-Cf0V8tbTq/qbZbw2ZQbWrXhG/1Q=

"@protobufjs/utf8@^1.1.0":
  version "1.1.0"
  resolved "https://registry.yarnpkg.com/@protobufjs/utf8/-/utf8-1.1.0.tgz#a777360b5b39a1a2e5106f8e858f2fd2d060c570"
  integrity sha1-p3c2C1s5oaLlEG+OhY8v0tBgxXA=

"@tensorflow/tfjs-converter@0.6.1":
  version "0.6.1"
  resolved "https://registry.yarnpkg.com/@tensorflow/tfjs-converter/-/tfjs-converter-0.6.1.tgz#a07ede029434aa54f374fb31b029af9a4e2daa0c"
  integrity sha512-Kk3lO7PcnmrNIHc1YSqMXg3htI+LluODvauSYNy6F4s/HmP4X/eB8VKcV8Vii1IidDDbXcBXStiiSaqqrVd2kw==
  dependencies:
    "@types/long" "~3.0.32"
    protobufjs "~6.8.6"

"@tensorflow/tfjs-core@0.13.2":
  version "0.13.2"
  resolved "https://registry.yarnpkg.com/@tensorflow/tfjs-core/-/tfjs-core-0.13.2.tgz#edb0e4b9e42b04ca113a0ce80f211b22e2c85552"
  integrity sha512-0+/Lfjmv+eMibVaYCe2trSqps5+K+b5BZbzJTwbHM2fpV1l1XJpp6PLyZ05A4mhQcAiuIgNgim48H97Yl+yAMw==
  dependencies:
    "@types/seedrandom" "~2.4.27"
    "@types/webgl-ext" "~0.0.29"
    "@types/webgl2" "~0.0.4"
    seedrandom "~2.4.3"

"@tensorflow/tfjs-layers@0.8.1":
  version "0.8.1"
  resolved "https://registry.yarnpkg.com/@tensorflow/tfjs-layers/-/tfjs-layers-0.8.1.tgz#08173c4ef16090821946d37d41a1fd21011afb00"
  integrity sha512-2thqZX58E3SmBD6XG8tEFYZ7VTHGMw8Rflq7suTzvi0/ug+bBQYVHfLrStUddk1EcZHzmc/stRTzIYi20OEPkg==

"@tensorflow/tfjs@^0.13.1":
  version "0.13.1"
  resolved "https://registry.yarnpkg.com/@tensorflow/tfjs/-/tfjs-0.13.1.tgz#67f5250197bd4da21771ee2d790c057186a6ef20"
  integrity sha512-AHbLNrot9JN0qbGStiAotNH6t2jCbU03Ydme8OYIYjNKqkQq3zv1mC77Uy5M3Q8zIex1J2N/E5ZzoZiVfFQitA==
  dependencies:
    "@tensorflow/tfjs-converter" "0.6.1"
    "@tensorflow/tfjs-core" "0.13.2"
    "@tensorflow/tfjs-layers" "0.8.1"

"@types/long@^4.0.0":
  version "4.0.0"
  resolved "https://registry.yarnpkg.com/@types/long/-/long-4.0.0.tgz#719551d2352d301ac8b81db732acb6bdc28dbdef"
  integrity sha512-1w52Nyx4Gq47uuu0EVcsHBxZFJgurQ+rTKS3qMHxR1GY2T8c2AJYd6vZoZ9q1rupaDjU0yT+Jc2XTyXkjeMA+Q==

"@types/long@~3.0.32":
  version "3.0.32"
  resolved "https://registry.yarnpkg.com/@types/long/-/long-3.0.32.tgz#f4e5af31e9e9b196d8e5fca8a5e2e20aa3d60b69"
  integrity sha512-ZXyOOm83p7X8p3s0IYM3VeueNmHpkk/yMlP8CLeOnEcu6hIwPH7YjZBvhQkR0ZFS2DqZAxKtJ/M5fcuv3OU5BA==

"@types/node@^10.1.0":
  version "10.11.3"
  resolved "https://registry.yarnpkg.com/@types/node/-/node-10.11.3.tgz#c055536ac8a5e871701aa01914be5731539d01ee"
  integrity sha512-3AvcEJAh9EMatxs+OxAlvAEs7OTy6AG94mcH1iqyVDwVVndekLxzwkWQ/Z4SDbY6GO2oyUXyWW8tQ4rENSSQVQ==

"@types/seedrandom@~2.4.27":
  version "2.4.27"
  resolved "https://registry.yarnpkg.com/@types/seedrandom/-/seedrandom-2.4.27.tgz#9db563937dd86915f69092bc43259d2f48578e41"
  integrity sha1-nbVjk33YaRX2kJK8QyWdL0hXjkE=

"@types/webgl-ext@~0.0.29":
  version "0.0.29"
  resolved "https://registry.yarnpkg.com/@types/webgl-ext/-/webgl-ext-0.0.29.tgz#4d479baf1124795f53d54bdc85b386e0f194d90a"
  integrity sha512-ZlVjDQU5Vlc9hF4LGdDldujZUf0amwlwGv1RI2bfvdrEHIl6X/7MZVpemJUjS7NxD9XaKfE8SlFrxsfXpUkt/A==

"@types/webgl2@~0.0.4":
  version "0.0.4"
  resolved "https://registry.yarnpkg.com/@types/webgl2/-/webgl2-0.0.4.tgz#c3b0f9d6b465c66138e84e64cb3bdf8373c2c279"
  integrity sha512-PACt1xdErJbMUOUweSrbVM7gSIYm1vTncW2hF6Os/EeWi6TXYAYMPp+8v6rzHmypE5gHrxaxZNXgMkJVIdZpHw==

babel-polyfill@^6.26.0:
  version "6.26.0"
  resolved "https://registry.yarnpkg.com/babel-polyfill/-/babel-polyfill-6.26.0.tgz#379937abc67d7895970adc621f284cd966cf2153"
  integrity sha1-N5k3q8Z9eJWXCtxiHyhM2WbPIVM=
  dependencies:
    babel-runtime "^6.26.0"
    core-js "^2.5.0"
    regenerator-runtime "^0.10.5"

babel-runtime@^6.26.0:
  version "6.26.0"
  resolved "https://registry.yarnpkg.com/babel-runtime/-/babel-runtime-6.26.0.tgz#965c7058668e82b55d7bfe04ff2337bc8b5647fe"
  integrity sha1-llxwWGaOgrVde/4E/yM3vItWR/4=
  dependencies:
    core-js "^2.4.0"
    regenerator-runtime "^0.11.0"

core-js@^2.4.0, core-js@^2.5.0:
  version "2.5.7"
  resolved "https://registry.yarnpkg.com/core-js/-/core-js-2.5.7.tgz#f972608ff0cead68b841a16a932d0b183791814e"
  integrity sha512-RszJCAxg/PP6uzXVXL6BsxSXx/B05oJAQ2vkJRjyjrEcNVycaqOmNb5OTxZPE3xa5gwZduqza6L9JOCenh/Ecw==

long@^4.0.0:
  version "4.0.0"
  resolved "https://registry.yarnpkg.com/long/-/long-4.0.0.tgz#9a7b71cfb7d361a194ea555241c92f7468d5bf28"
  integrity sha512-XsP+KhQif4bjX1kbuSiySJFNAehNxgLb6hPRGJ9QsUr8ajHkuXGdrHmFUTUUXhDwVX2R5bY4JNZEwbUiMhV+MA==

protobufjs@~6.8.6:
  version "6.8.8"
  resolved "https://registry.yarnpkg.com/protobufjs/-/protobufjs-6.8.8.tgz#c8b4f1282fd7a90e6f5b109ed11c84af82908e7c"
  integrity sha512-AAmHtD5pXgZfi7GMpllpO3q1Xw1OYldr+dMUlAnffGTAhqkg72WdmSY71uKBF/JuyiKs8psYbtKrhi0ASCD8qw==
  dependencies:
    "@protobufjs/aspromise" "^1.1.2"
    "@protobufjs/base64" "^1.1.2"
    "@protobufjs/codegen" "^2.0.4"
    "@protobufjs/eventemitter" "^1.1.0"
    "@protobufjs/fetch" "^1.1.0"
    "@protobufjs/float" "^1.0.2"
    "@protobufjs/inquire" "^1.1.0"
    "@protobufjs/path" "^1.1.2"
    "@protobufjs/pool" "^1.1.0"
    "@protobufjs/utf8" "^1.1.0"
    "@types/long" "^4.0.0"
    "@types/node" "^10.1.0"
    long "^4.0.0"

regenerator-runtime@^0.10.5:
  version "0.10.5"
  resolved "https://registry.yarnpkg.com/regenerator-runtime/-/regenerator-runtime-0.10.5.tgz#336c3efc1220adcedda2c9fab67b5a7955a33658"
  integrity sha1-M2w+/BIgrc7dosn6tntaeVWjNlg=

regenerator-runtime@^0.11.0:
  version "0.11.1"
  resolved "https://registry.yarnpkg.com/regenerator-runtime/-/regenerator-runtime-0.11.1.tgz#be05ad7f9bf7d22e056f9726cee5017fbf19e2e9"
  integrity sha512-MguG95oij0fC3QV3URf4V2SDYGJhJnJGqvIIgdECeODCT98wSWDAJ94SSuVpYQUoTcGUIL6L4yNB7j1DFFHSBg==

seedrandom@~2.4.3:
  version "2.4.4"
  resolved "https://registry.yarnpkg.com/seedrandom/-/seedrandom-2.4.4.tgz#b25ea98632c73e45f58b77cfaa931678df01f9ba"
  integrity sha512-9A+PDmgm+2du77B5i0Ip2cxOqqHjgNxnBgglxLcX78A2D6c2rTo61z4jnVABpF4cKeDMDG+cmXXvdnqse2VqMA==
